// !$*UTF8*$!
{
	archiveVersion = 1;
	classes = {
	};
	objectVersion = 56;
	objects = {

/* Begin PBXBuildFile section */
		46B793E42EDD622200EC2137 /* IOS_emoji_analyserApp.swift in Sources */ = {isa = PBXBuildFile; fileRef = 46B793E32EDD622200EC2137 /* IOS_emoji_analyserApp.swift */; };
		46B793E62EDD622200EC2137 /* ContentView.swift in Sources */ = {isa = PBXBuildFile; fileRef = 46B793E52EDD622200EC2137 /* ContentView.swift */; };
		46B793E82EDD622400EC2137 /* Assets.xcassets in Resources */ = {isa = PBXBuildFile; fileRef = 46B793E72EDD622400EC2137 /* Assets.xcassets */; };
		46B793EB2EDD622400EC2137 /* Preview Assets.xcassets in Resources */ = {isa = PBXBuildFile; fileRef = 46B793EA2EDD622400EC2137 /* Preview Assets.xcassets */; };
		46B793F52EDD622400EC2137 /* IOS_emoji_analyserTests.swift in Sources */ = {isa = PBXBuildFile; fileRef = 46B793F42EDD622400EC2137 /* IOS_emoji_analyserTests.swift */; };
		46B793FF2EDD622400EC2137 /* IOS_emoji_analyserUITests.swift in Sources */ = {isa = PBXBuildFile; fileRef = 46B793FE2EDD622400EC2137 /* IOS_emoji_analyserUITests.swift */; };
		46B794012EDD622400EC2137 /* IOS_emoji_analyserUITestsLaunchTests.swift in Sources */ = {isa = PBXBuildFile; fileRef = 46B794002EDD622400EC2137 /* IOS_emoji_analyserUITestsLaunchTests.swift */; };
		46B794122EDD6CBA00EC2137 /* EmojiMapper.swift in Sources */ = {isa = PBXBuildFile; fileRef = 46B7940F2EDD6CBA00EC2137 /* EmojiMapper.swift */; };
		46B794132EDD6CBA00EC2137 /* EmotionType.swift in Sources */ = {isa = PBXBuildFile; fileRef = 46B794102EDD6CBA00EC2137 /* EmotionType.swift */; };
		46B794182EDD6CD100EC2137 /* EmojiDisplayView.swift in Sources */ = {isa = PBXBuildFile; fileRef = 46B794142EDD6CD100EC2137 /* EmojiDisplayView.swift */; };
		46B794192EDD6CD100EC2137 /* PermissionView.swift in Sources */ = {isa = PBXBuildFile; fileRef = 46B794152EDD6CD100EC2137 /* PermissionView.swift */; };
		46B7941A2EDD6CD100EC2137 /* SettingsView.swift in Sources */ = {isa = PBXBuildFile; fileRef = 46B794162EDD6CD100EC2137 /* SettingsView.swift */; };
		46B7941D2EDD6CE400EC2137 /* EmotionViewModel.swift in Sources */ = {isa = PBXBuildFile; fileRef = 46B7941B2EDD6CE400EC2137 /* EmotionViewModel.swift */; };
		46B794212EDD6CF600EC2137 /* Constants.swift in Sources */ = {isa = PBXBuildFile; fileRef = 46B7941E2EDD6CF500EC2137 /* Constants.swift */; };
		46B794222EDD6CF600EC2137 /* PermissionManager.swift in Sources */ = {isa = PBXBuildFile; fileRef = 46B7941F2EDD6CF500EC2137 /* PermissionManager.swift */; };
/* End PBXBuildFile section */

/* Begin PBXContainerItemProxy section */
		46B793F12EDD622400EC2137 /* PBXContainerItemProxy */ = {
			isa = PBXContainerItemProxy;
			containerPortal = 46B793D82EDD622200EC2137 /* Project object */;
			proxyType = 1;
			remoteGlobalIDString = 46B793DF2EDD622200EC2137;
			remoteInfo = IOS_emoji_analyser;
		};
		46B793FB2EDD622400EC2137 /* PBXContainerItemProxy */ = {
			isa = PBXContainerItemProxy;
			containerPortal = 46B793D82EDD622200EC2137 /* Project object */;
			proxyType = 1;
			remoteGlobalIDString = 46B793DF2EDD622200EC2137;
			remoteInfo = IOS_emoji_analyser;
		};
/* End PBXContainerItemProxy section */

/* Begin PBXFileReference section */
		46B793E02EDD622200EC2137 /* IOS_emoji_analyser.app */ = {isa = PBXFileReference; explicitFileType = wrapper.application; includeInIndex = 0; path = IOS_emoji_analyser.app; sourceTree = BUILT_PRODUCTS_DIR; };
		46B793E32EDD622200EC2137 /* IOS_emoji_analyserApp.swift */ = {isa = PBXFileReference; lastKnownFileType = sourcecode.swift; path = IOS_emoji_analyserApp.swift; sourceTree = "<group>"; };
		46B793E52EDD622200EC2137 /* ContentView.swift */ = {isa = PBXFileReference; lastKnownFileType = sourcecode.swift; path = ContentView.swift; sourceTree = "<group>"; };
		46B793E72EDD622400EC2137 /* Assets.xcassets */ = {isa = PBXFileReference; lastKnownFileType = folder.assetcatalog; path = Assets.xcassets; sourceTree = "<group>"; };
		46B793EA2EDD622400EC2137 /* Preview Assets.xcassets */ = {isa = PBXFileReference; lastKnownFileType = folder.assetcatalog; path = "Preview Assets.xcassets"; sourceTree = "<group>"; };
		46B793F02EDD622400EC2137 /* IOS_emoji_analyserTests.xctest */ = {isa = PBXFileReference; explicitFileType = wrapper.cfbundle; includeInIndex = 0; path = IOS_emoji_analyserTests.xctest; sourceTree = BUILT_PRODUCTS_DIR; };
		46B793F42EDD622400EC2137 /* IOS_emoji_analyserTests.swift */ = {isa = PBXFileReference; lastKnownFileType = sourcecode.swift; path = IOS_emoji_analyserTests.swift; sourceTree = "<group>"; };
		46B793FA2EDD622400EC2137 /* IOS_emoji_analyserUITests.xctest */ = {isa = PBXFileReference; explicitFileType = wrapper.cfbundle; includeInIndex = 0; path = IOS_emoji_analyserUITests.xctest; sourceTree = BUILT_PRODUCTS_DIR; };
		46B793FE2EDD622400EC2137 /* IOS_emoji_analyserUITests.swift */ = {isa = PBXFileReference; lastKnownFileType = sourcecode.swift; path = IOS_emoji_analyserUITests.swift; sourceTree = "<group>"; };
		46B794002EDD622400EC2137 /* IOS_emoji_analyserUITestsLaunchTests.swift */ = {isa = PBXFileReference; lastKnownFileType = sourcecode.swift; path = IOS_emoji_analyserUITestsLaunchTests.swift; sourceTree = "<group>"; };
		46B7940F2EDD6CBA00EC2137 /* EmojiMapper.swift */ = {isa = PBXFileReference; fileEncoding = 4; lastKnownFileType = sourcecode.swift; path = EmojiMapper.swift; sourceTree = "<group>"; };
		46B794102EDD6CBA00EC2137 /* EmotionType.swift */ = {isa = PBXFileReference; fileEncoding = 4; lastKnownFileType = sourcecode.swift; path = EmotionType.swift; sourceTree = "<group>"; };
		46B794142EDD6CD100EC2137 /* EmojiDisplayView.swift */ = {isa = PBXFileReference; fileEncoding = 4; lastKnownFileType = sourcecode.swift; path = EmojiDisplayView.swift; sourceTree = "<group>"; };
		46B794152EDD6CD100EC2137 /* PermissionView.swift */ = {isa = PBXFileReference; fileEncoding = 4; lastKnownFileType = sourcecode.swift; path = PermissionView.swift; sourceTree = "<group>"; };
		46B794162EDD6CD100EC2137 /* SettingsView.swift */ = {isa = PBXFileReference; fileEncoding = 4; lastKnownFileType = sourcecode.swift; path = SettingsView.swift; sourceTree = "<group>"; };
		46B7941B2EDD6CE400EC2137 /* EmotionViewModel.swift */ = {isa = PBXFileReference; fileEncoding = 4; lastKnownFileType = sourcecode.swift; path = EmotionViewModel.swift; sourceTree = "<group>"; };
		46B7941E2EDD6CF500EC2137 /* Constants.swift */ = {isa = PBXFileReference; fileEncoding = 4; lastKnownFileType = sourcecode.swift; path = Constants.swift; sourceTree = "<group>"; };
		46B7941F2EDD6CF500EC2137 /* PermissionManager.swift */ = {isa = PBXFileReference; fileEncoding = 4; lastKnownFileType = sourcecode.swift; path = PermissionManager.swift; sourceTree = "<group>"; };
/* End PBXFileReference section */

/* Begin PBXFrameworksBuildPhase section */
		46B793DD2EDD622200EC2137 /* Frameworks */ = {
			isa = PBXFrameworksBuildPhase;
			buildActionMask = 2147483647;
			files = (
			);
			runOnlyForDeploymentPostprocessing = 0;
		};
		46B793ED2EDD622400EC2137 /* Frameworks */ = {
			isa = PBXFrameworksBuildPhase;
			buildActionMask = 2147483647;
			files = (
			);
			runOnlyForDeploymentPostprocessing = 0;
		};
		46B793F72EDD622400EC2137 /* Frameworks */ = {
			isa = PBXFrameworksBuildPhase;
			buildActionMask = 2147483647;
			files = (
			);
			runOnlyForDeploymentPostprocessing = 0;
		};
/* End PBXFrameworksBuildPhase section */

/* Begin PBXGroup section */
		46B793D72EDD622200EC2137 = {
			isa = PBXGroup;
			children = (
				46B793E22EDD622200EC2137 /* IOS_emoji_analyser */,
				46B793F32EDD622400EC2137 /* IOS_emoji_analyserTests */,
				46B793FD2EDD622400EC2137 /* IOS_emoji_analyserUITests */,
				46B793E12EDD622200EC2137 /* Products */,
			);
			sourceTree = "<group>";
		};
		46B793E12EDD622200EC2137 /* Products */ = {
			isa = PBXGroup;
			children = (
				46B793E02EDD622200EC2137 /* IOS_emoji_analyser.app */,
				46B793F02EDD622400EC2137 /* IOS_emoji_analyserTests.xctest */,
				46B793FA2EDD622400EC2137 /* IOS_emoji_analyserUITests.xctest */,
			);
			name = Products;
			sourceTree = "<group>";
		};
		46B793E22EDD622200EC2137 /* IOS_emoji_analyser */ = {
			isa = PBXGroup;
			children = (
				46B794202EDD6CF500EC2137 /* Utilities */,
				46B7941C2EDD6CE400EC2137 /* ViewModels */,
				46B794172EDD6CD100EC2137 /* Views */,
				46B794112EDD6CBA00EC2137 /* Models */,
				46B793E32EDD622200EC2137 /* IOS_emoji_analyserApp.swift */,
				46B793E52EDD622200EC2137 /* ContentView.swift */,
				46B793E72EDD622400EC2137 /* Assets.xcassets */,
				46B793E92EDD622400EC2137 /* Preview Content */,
			);
			path = IOS_emoji_analyser;
			sourceTree = "<group>";
		};
		46B793E92EDD622400EC2137 /* Preview Content */ = {
			isa = PBXGroup;
			children = (
				46B793EA2EDD622400EC2137 /* Preview Assets.xcassets */,
			);
			path = "Preview Content";
			sourceTree = "<group>";
		};
		46B793F32EDD622400EC2137 /* IOS_emoji_analyserTests */ = {
			isa = PBXGroup;
			children = (
				46B793F42EDD622400EC2137 /* IOS_emoji_analyserTests.swift */,
			);
			path = IOS_emoji_analyserTests;
			sourceTree = "<group>";
		};
		46B793FD2EDD622400EC2137 /* IOS_emoji_analyserUITests */ = {
			isa = PBXGroup;
			children = (
				46B793FE2EDD622400EC2137 /* IOS_emoji_analyserUITests.swift */,
				46B794002EDD622400EC2137 /* IOS_emoji_analyserUITestsLaunchTests.swift */,
			);
			path = IOS_emoji_analyserUITests;
			sourceTree = "<group>";
		};
		46B794112EDD6CBA00EC2137 /* Models */ = {
			isa = PBXGroup;
			children = (
				46B7940F2EDD6CBA00EC2137 /* EmojiMapper.swift */,
				46B794102EDD6CBA00EC2137 /* EmotionType.swift */,
			);
			path = Models;
			sourceTree = "<group>";
		};
		46B794172EDD6CD100EC2137 /* Views */ = {
			isa = PBXGroup;
			children = (
				46B794142EDD6CD100EC2137 /* EmojiDisplayView.swift */,
				46B794152EDD6CD100EC2137 /* PermissionView.swift */,
				46B794162EDD6CD100EC2137 /* SettingsView.swift */,
			);
			path = Views;
			sourceTree = "<group>";
		};
		46B7941C2EDD6CE400EC2137 /* ViewModels */ = {
			isa = PBXGroup;
			children = (
				46B7941B2EDD6CE400EC2137 /* EmotionViewModel.swift */,
			);
			path = ViewModels;
			sourceTree = "<group>";
		};
		46B794202EDD6CF500EC2137 /* Utilities */ = {
			isa = PBXGroup;
			children = (
				46B7941E2EDD6CF500EC2137 /* Constants.swift */,
				46B7941F2EDD6CF500EC2137 /* PermissionManager.swift */,
			);
			path = Utilities;
			sourceTree = "<group>";
		};
/* End PBXGroup section */

/* Begin PBXNativeTarget section */
		46B793DF2EDD622200EC2137 /* IOS_emoji_analyser */ = {
			isa = PBXNativeTarget;
			buildConfigurationList = 46B794042EDD622400EC2137 /* Build configuration list for PBXNativeTarget "IOS_emoji_analyser" */;
			buildPhases = (
				46B793DC2EDD622200EC2137 /* Sources */,
				46B793DD2EDD622200EC2137 /* Frameworks */,
				46B793DE2EDD622200EC2137 /* Resources */,
			);
			buildRules = (
			);
			dependencies = (
			);
			name = IOS_emoji_analyser;
			productName = IOS_emoji_analyser;
			productReference = 46B793E02EDD622200EC2137 /* IOS_emoji_analyser.app */;
			productType = "com.apple.product-type.application";
		};
		46B793EF2EDD622400EC2137 /* IOS_emoji_analyserTests */ = {
			isa = PBXNativeTarget;
			buildConfigurationList = 46B794072EDD622400EC2137 /* Build configuration list for PBXNativeTarget "IOS_emoji_analyserTests" */;
			buildPhases = (
				46B793EC2EDD622400EC2137 /* Sources */,
				46B793ED2EDD622400EC2137 /* Frameworks */,
				46B793EE2EDD622400EC2137 /* Resources */,
			);
			buildRules = (
			);
			dependencies = (
				46B793F22EDD622400EC2137 /* PBXTargetDependency */,
			);
			name = IOS_emoji_analyserTests;
			productName = IOS_emoji_analyserTests;
			productReference = 46B793F02EDD622400EC2137 /* IOS_emoji_analyserTests.xctest */;
			productType = "com.apple.product-type.bundle.unit-test";
		};
		46B793F92EDD622400EC2137 /* IOS_emoji_analyserUITests */ = {
			isa = PBXNativeTarget;
			buildConfigurationList = 46B7940A2EDD622400EC2137 /* Build configuration list for PBXNativeTarget "IOS_emoji_analyserUITests" */;
			buildPhases = (
				46B793F62EDD622400EC2137 /* Sources */,
				46B793F72EDD622400EC2137 /* Frameworks */,
				46B793F82EDD622400EC2137 /* Resources */,
			);
			buildRules = (
			);
			dependencies = (
				46B793FC2EDD622400EC2137 /* PBXTargetDependency */,
			);
			name = IOS_emoji_analyserUITests;
			productName = IOS_emoji_analyserUITests;
			productReference = 46B793FA2EDD622400EC2137 /* IOS_emoji_analyserUITests.xctest */;
			productType = "com.apple.product-type.bundle.ui-testing";
		};
/* End PBXNativeTarget section */

/* Begin PBXProject section */
		46B793D82EDD622200EC2137 /* Project object */ = {
			isa = PBXProject;
			attributes = {
				BuildIndependentTargetsInParallel = 1;
				LastSwiftUpdateCheck = 1530;
				LastUpgradeCheck = 1530;
				TargetAttributes = {
					46B793DF2EDD622200EC2137 = {
						CreatedOnToolsVersion = 15.3;
					};
					46B793EF2EDD622400EC2137 = {
						CreatedOnToolsVersion = 15.3;
						TestTargetID = 46B793DF2EDD622200EC2137;
					};
					46B793F92EDD622400EC2137 = {
						CreatedOnToolsVersion = 15.3;
						TestTargetID = 46B793DF2EDD622200EC2137;
					};
				};
			};
			buildConfigurationList = 46B793DB2EDD622200EC2137 /* Build configuration list for PBXProject "IOS_emoji_analyser" */;
			compatibilityVersion = "Xcode 14.0";
			developmentRegion = en;
			hasScannedForEncodings = 0;
			knownRegions = (
				en,
				Base,
			);
			mainGroup = 46B793D72EDD622200EC2137;
			productRefGroup = 46B793E12EDD622200EC2137 /* Products */;
			projectDirPath = "";
			projectRoot = "";
			targets = (
				46B793DF2EDD622200EC2137 /* IOS_emoji_analyser */,
				46B793EF2EDD622400EC2137 /* IOS_emoji_analyserTests */,
				46B793F92EDD622400EC2137 /* IOS_emoji_analyserUITests */,
			);
		};
/* End PBXProject section */

/* Begin PBXResourcesBuildPhase section */
		46B793DE2EDD622200EC2137 /* Resources */ = {
			isa = PBXResourcesBuildPhase;
			buildActionMask = 2147483647;
			files = (
				46B793EB2EDD622400EC2137 /* Preview Assets.xcassets in Resources */,
				46B793E82EDD622400EC2137 /* Assets.xcassets in Resources */,
			);
			runOnlyForDeploymentPostprocessing = 0;
		};
		46B793EE2EDD622400EC2137 /* Resources */ = {
			isa = PBXResourcesBuildPhase;
			buildActionMask = 2147483647;
			files = (
			);
			runOnlyForDeploymentPostprocessing = 0;
		};
		46B793F82EDD622400EC2137 /* Resources */ = {
			isa = PBXResourcesBuildPhase;
			buildActionMask = 2147483647;
			files = (
			);
			runOnlyForDeploymentPostprocessing = 0;
		};
/* End PBXResourcesBuildPhase section */

/* Begin PBXSourcesBuildPhase section */
		46B793DC2EDD622200EC2137 /* Sources */ = {
			isa = PBXSourcesBuildPhase;
			buildActionMask = 2147483647;
			files = (
				46B7941D2EDD6CE400EC2137 /* EmotionViewModel.swift in Sources */,
				46B7941A2EDD6CD100EC2137 /* SettingsView.swift in Sources */,
				46B793E62EDD622200EC2137 /* ContentView.swift in Sources */,
				46B794132EDD6CBA00EC2137 /* EmotionType.swift in Sources */,
				46B794122EDD6CBA00EC2137 /* EmojiMapper.swift in Sources */,
				46B794192EDD6CD100EC2137 /* PermissionView.swift in Sources */,
				46B794222EDD6CF600EC2137 /* PermissionManager.swift in Sources */,
				46B793E42EDD622200EC2137 /* IOS_emoji_analyserApp.swift in Sources */,
				46B794182EDD6CD100EC2137 /* EmojiDisplayView.swift in Sources */,
				46B794212EDD6CF600EC2137 /* Constants.swift in Sources */,
			);
			runOnlyForDeploymentPostprocessing = 0;
		};
		46B793EC2EDD622400EC2137 /* Sources */ = {
			isa = PBXSourcesBuildPhase;
			buildActionMask = 2147483647;
			files = (
				46B793F52EDD622400EC2137 /* IOS_emoji_analyserTests.swift in Sources */,
			);
			runOnlyForDeploymentPostprocessing = 0;
		};
		46B793F62EDD622400EC2137 /* Sources */ = {
			isa = PBXSourcesBuildPhase;
			buildActionMask = 2147483647;
			files = (
				46B794012EDD622400EC2137 /* IOS_emoji_analyserUITestsLaunchTests.swift in Sources */,
				46B793FF2EDD622400EC2137 /* IOS_emoji_analyserUITests.swift in Sources */,
			);
			runOnlyForDeploymentPostprocessing = 0;
		};
/* End PBXSourcesBuildPhase section */

/* Begin PBXTargetDependency section */
		46B793F22EDD622400EC2137 /* PBXTargetDependency */ = {
			isa = PBXTargetDependency;
			target = 46B793DF2EDD622200EC2137 /* IOS_emoji_analyser */;
			targetProxy = 46B793F12EDD622400EC2137 /* PBXContainerItemProxy */;
		};
		46B793FC2EDD622400EC2137 /* PBXTargetDependency */ = {
			isa = PBXTargetDependency;
			target = 46B793DF2EDD622200EC2137 /* IOS_emoji_analyser */;
			targetProxy = 46B793FB2EDD622400EC2137 /* PBXContainerItemProxy */;
		};
/* End PBXTargetDependency section */

/* Begin XCBuildConfiguration section */
		46B794022EDD622400EC2137 /* Debug */ = {
			isa = XCBuildConfiguration;
			buildSettings = {
				ALWAYS_SEARCH_USER_PATHS = NO;
				ASSETCATALOG_COMPILER_GENERATE_SWIFT_ASSET_SYMBOL_EXTENSIONS = YES;
				CLANG_ANALYZER_NONNULL = YES;
				CLANG_ANALYZER_NUMBER_OBJECT_CONVERSION = YES_AGGRESSIVE;
				CLANG_CXX_LANGUAGE_STANDARD = "gnu++20";
				CLANG_ENABLE_MODULES = YES;
				CLANG_ENABLE_OBJC_ARC = YES;
				CLANG_ENABLE_OBJC_WEAK = YES;
				CLANG_WARN_BLOCK_CAPTURE_AUTORELEASING = YES;
				CLANG_WARN_BOOL_CONVERSION = YES;
				CLANG_WARN_COMMA = YES;
				CLANG_WARN_CONSTANT_CONVERSION = YES;
				CLANG_WARN_DEPRECATED_OBJC_IMPLEMENTATIONS = YES;
				CLANG_WARN_DIRECT_OBJC_ISA_USAGE = YES_ERROR;
				CLANG_WARN_DOCUMENTATION_COMMENTS = YES;
				CLANG_WARN_EMPTY_BODY = YES;
				CLANG_WARN_ENUM_CONVERSION = YES;
				CLANG_WARN_INFINITE_RECURSION = YES;
				CLANG_WARN_INT_CONVERSION = YES;
				CLANG_WARN_NON_LITERAL_NULL_CONVERSION = YES;
				CLANG_WARN_OBJC_IMPLICIT_RETAIN_SELF = YES;
				CLANG_WARN_OBJC_LITERAL_CONVERSION = YES;
				CLANG_WARN_OBJC_ROOT_CLASS = YES_ERROR;
				CLANG_WARN_QUOTED_INCLUDE_IN_FRAMEWORK_HEADER = YES;
				CLANG_WARN_RANGE_LOOP_ANALYSIS = YES;
				CLANG_WARN_STRICT_PROTOTYPES = YES;
				CLANG_WARN_SUSPICIOUS_MOVE = YES;
				CLANG_WARN_UNGUARDED_AVAILABILITY = YES_AGGRESSIVE;
				CLANG_WARN_UNREACHABLE_CODE = YES;
				CLANG_WARN__DUPLICATE_METHOD_MATCH = YES;
				COPY_PHASE_STRIP = NO;
				DEBUG_INFORMATION_FORMAT = dwarf;
				ENABLE_STRICT_OBJC_MSGSEND = YES;
				ENABLE_TESTABILITY = YES;
				ENABLE_USER_SCRIPT_SANDBOXING = YES;
				GCC_C_LANGUAGE_STANDARD = gnu17;
				GCC_DYNAMIC_NO_PIC = NO;
				GCC_NO_COMMON_BLOCKS = YES;
				GCC_OPTIMIZATION_LEVEL = 0;
				GCC_PREPROCESSOR_DEFINITIONS = (
					"DEBUG=1",
					"$(inherited)",
				);
				GCC_WARN_64_TO_32_BIT_CONVERSION = YES;
				GCC_WARN_ABOUT_RETURN_TYPE = YES_ERROR;
				GCC_WARN_UNDECLARED_SELECTOR = YES;
				GCC_WARN_UNINITIALIZED_AUTOS = YES_AGGRESSIVE;
				GCC_WARN_UNUSED_FUNCTION = YES;
				GCC_WARN_UNUSED_VARIABLE = YES;
				IPHONEOS_DEPLOYMENT_TARGET = 17.4;
				LOCALIZATION_PREFERS_STRING_CATALOGS = YES;
				MTL_ENABLE_DEBUG_INFO = INCLUDE_SOURCE;
				MTL_FAST_MATH = YES;
				ONLY_ACTIVE_ARCH = YES;
				SDKROOT = iphoneos;
				SWIFT_ACTIVE_COMPILATION_CONDITIONS = "DEBUG $(inherited)";
				SWIFT_OPTIMIZATION_LEVEL = "-Onone";
			};
			name = Debug;
		};
		46B794032EDD622400EC2137 /* Release */ = {
			isa = XCBuildConfiguration;
			buildSettings = {
				ALWAYS_SEARCH_USER_PATHS = NO;
				ASSETCATALOG_COMPILER_GENERATE_SWIFT_ASSET_SYMBOL_EXTENSIONS = YES;
				CLANG_ANALYZER_NONNULL = YES;
				CLANG_ANALYZER_NUMBER_OBJECT_CONVERSION = YES_AGGRESSIVE;
				CLANG_CXX_LANGUAGE_STANDARD = "gnu++20";
				CLANG_ENABLE_MODULES = YES;
				CLANG_ENABLE_OBJC_ARC = YES;
				CLANG_ENABLE_OBJC_WEAK = YES;
				CLANG_WARN_BLOCK_CAPTURE_AUTORELEASING = YES;
				CLANG_WARN_BOOL_CONVERSION = YES;
				CLANG_WARN_COMMA = YES;
				CLANG_WARN_CONSTANT_CONVERSION = YES;
				CLANG_WARN_DEPRECATED_OBJC_IMPLEMENTATIONS = YES;
				CLANG_WARN_DIRECT_OBJC_ISA_USAGE = YES_ERROR;
				CLANG_WARN_DOCUMENTATION_COMMENTS = YES;
				CLANG_WARN_EMPTY_BODY = YES;
				CLANG_WARN_ENUM_CONVERSION = YES;
				CLANG_WARN_INFINITE_RECURSION = YES;
				CLANG_WARN_INT_CONVERSION = YES;
				CLANG_WARN_NON_LITERAL_NULL_CONVERSION = YES;
				CLANG_WARN_OBJC_IMPLICIT_RETAIN_SELF = YES;
				CLANG_WARN_OBJC_LITERAL_CONVERSION = YES;
				CLANG_WARN_OBJC_ROOT_CLASS = YES_ERROR;
				CLANG_WARN_QUOTED_INCLUDE_IN_FRAMEWORK_HEADER = YES;
				CLANG_WARN_RANGE_LOOP_ANALYSIS = YES;
				CLANG_WARN_STRICT_PROTOTYPES = YES;
				CLANG_WARN_SUSPICIOUS_MOVE = YES;
				CLANG_WARN_UNGUARDED_AVAILABILITY = YES_AGGRESSIVE;
				CLANG_WARN_UNREACHABLE_CODE = YES;
				CLANG_WARN__DUPLICATE_METHOD_MATCH = YES;
				COPY_PHASE_STRIP = NO;
				DEBUG_INFORMATION_FORMAT = "dwarf-with-dsym";
				ENABLE_NS_ASSERTIONS = NO;
				ENABLE_STRICT_OBJC_MSGSEND = YES;
				ENABLE_USER_SCRIPT_SANDBOXING = YES;
				GCC_C_LANGUAGE_STANDARD = gnu17;
				GCC_NO_COMMON_BLOCKS = YES;
				GCC_WARN_64_TO_32_BIT_CONVERSION = YES;
				GCC_WARN_ABOUT_RETURN_TYPE = YES_ERROR;
				GCC_WARN_UNDECLARED_SELECTOR = YES;
				GCC_WARN_UNINITIALIZED_AUTOS = YES_AGGRESSIVE;
				GCC_WARN_UNUSED_FUNCTION = YES;
				GCC_WARN_UNUSED_VARIABLE = YES;
				IPHONEOS_DEPLOYMENT_TARGET = 17.4;
				LOCALIZATION_PREFERS_STRING_CATALOGS = YES;
				MTL_ENABLE_DEBUG_INFO = NO;
				MTL_FAST_MATH = YES;
				SDKROOT = iphoneos;
				SWIFT_COMPILATION_MODE = wholemodule;
				VALIDATE_PRODUCT = YES;
			};
			name = Release;
		};
		46B794052EDD622400EC2137 /* Debug */ = {
			isa = XCBuildConfiguration;
			buildSettings = {
				ASSETCATALOG_COMPILER_APPICON_NAME = AppIcon;
				ASSETCATALOG_COMPILER_GLOBAL_ACCENT_COLOR_NAME = AccentColor;
				CODE_SIGN_STYLE = Automatic;
				CURRENT_PROJECT_VERSION = 1;
				DEVELOPMENT_ASSET_PATHS = "\"IOS_emoji_analyser/Preview Content\"";
				ENABLE_PREVIEWS = YES;
				GENERATE_INFOPLIST_FILE = YES;
				INFOPLIST_KEY_NSMicrophoneUsageDescription = "需要麦克风权限";
				INFOPLIST_KEY_NSSpeechRecognitionUsageDescription = "需要语音识别功能权限";
				INFOPLIST_KEY_UIApplicationSceneManifest_Generation = YES;
				INFOPLIST_KEY_UIApplicationSupportsIndirectInputEvents = YES;
				INFOPLIST_KEY_UILaunchScreen_Generation = YES;
				INFOPLIST_KEY_UISupportedInterfaceOrientations_iPad = "UIInterfaceOrientationPortrait UIInterfaceOrientationPortraitUpsideDown UIInterfaceOrientationLandscapeLeft UIInterfaceOrientationLandscapeRight";
				INFOPLIST_KEY_UISupportedInterfaceOrientations_iPhone = "UIInterfaceOrientationPortrait UIInterfaceOrientationLandscapeLeft UIInterfaceOrientationLandscapeRight";
				LD_RUNPATH_SEARCH_PATHS = (
					"$(inherited)",
					"@executable_path/Frameworks",
				);
				MARKETING_VERSION = 1.0;
				PRODUCT_BUNDLE_IDENTIFIER = "x.IOS-emoji-analyser";
				PRODUCT_NAME = "$(TARGET_NAME)";
				SWIFT_EMIT_LOC_STRINGS = YES;
				SWIFT_VERSION = 5.0;
				TARGETED_DEVICE_FAMILY = "1,2";
			};
			name = Debug;
		};
		46B794062EDD622400EC2137 /* Release */ = {
			isa = XCBuildConfiguration;
			buildSettings = {
				ASSETCATALOG_COMPILER_APPICON_NAME = AppIcon;
				ASSETCATALOG_COMPILER_GLOBAL_ACCENT_COLOR_NAME = AccentColor;
				CODE_SIGN_STYLE = Automatic;
				CURRENT_PROJECT_VERSION = 1;
				DEVELOPMENT_ASSET_PATHS = "\"IOS_emoji_analyser/Preview Content\"";
				ENABLE_PREVIEWS = YES;
				GENERATE_INFOPLIST_FILE = YES;
				INFOPLIST_KEY_NSMicrophoneUsageDescription = "需要麦克风权限";
				INFOPLIST_KEY_NSSpeechRecognitionUsageDescription = "需要语音识别功能权限";
				INFOPLIST_KEY_UIApplicationSceneManifest_Generation = YES;
				INFOPLIST_KEY_UIApplicationSupportsIndirectInputEvents = YES;
				INFOPLIST_KEY_UILaunchScreen_Generation = YES;
				INFOPLIST_KEY_UISupportedInterfaceOrientations_iPad = "UIInterfaceOrientationPortrait UIInterfaceOrientationPortraitUpsideDown UIInterfaceOrientationLandscapeLeft UIInterfaceOrientationLandscapeRight";
				INFOPLIST_KEY_UISupportedInterfaceOrientations_iPhone = "UIInterfaceOrientationPortrait UIInterfaceOrientationLandscapeLeft UIInterfaceOrientationLandscapeRight";
				LD_RUNPATH_SEARCH_PATHS = (
					"$(inherited)",
					"@executable_path/Frameworks",
				);
				MARKETING_VERSION = 1.0;
				PRODUCT_BUNDLE_IDENTIFIER = "x.IOS-emoji-analyser";
				PRODUCT_NAME = "$(TARGET_NAME)";
				SWIFT_EMIT_LOC_STRINGS = YES;
				SWIFT_VERSION = 5.0;
				TARGETED_DEVICE_FAMILY = "1,2";
			};
			name = Release;
		};
		46B794082EDD622400EC2137 /* Debug */ = {
			isa = XCBuildConfiguration;
			buildSettings = {
				ALWAYS_EMBED_SWIFT_STANDARD_LIBRARIES = YES;
				BUNDLE_LOADER = "$(TEST_HOST)";
				CODE_SIGN_STYLE = Automatic;
				CURRENT_PROJECT_VERSION = 1;
				GENERATE_INFOPLIST_FILE = YES;
				IPHONEOS_DEPLOYMENT_TARGET = 17.4;
				MARKETING_VERSION = 1.0;
				PRODUCT_BUNDLE_IDENTIFIER = "x.IOS-emoji-analyserTests";
				PRODUCT_NAME = "$(TARGET_NAME)";
				SWIFT_EMIT_LOC_STRINGS = NO;
				SWIFT_VERSION = 5.0;
				TARGETED_DEVICE_FAMILY = "1,2";
				TEST_HOST = "$(BUILT_PRODUCTS_DIR)/IOS_emoji_analyser.app/$(BUNDLE_EXECUTABLE_FOLDER_PATH)/IOS_emoji_analyser";
			};
			name = Debug;
		};
		46B794092EDD622400EC2137 /* Release */ = {
			isa = XCBuildConfiguration;
			buildSettings = {
				ALWAYS_EMBED_SWIFT_STANDARD_LIBRARIES = YES;
				BUNDLE_LOADER = "$(TEST_HOST)";
				CODE_SIGN_STYLE = Automatic;
				CURRENT_PROJECT_VERSION = 1;
				GENERATE_INFOPLIST_FILE = YES;
				IPHONEOS_DEPLOYMENT_TARGET = 17.4;
				MARKETING_VERSION = 1.0;
				PRODUCT_BUNDLE_IDENTIFIER = "x.IOS-emoji-analyserTests";
				PRODUCT_NAME = "$(TARGET_NAME)";
				SWIFT_EMIT_LOC_STRINGS = NO;
				SWIFT_VERSION = 5.0;
				TARGETED_DEVICE_FAMILY = "1,2";
				TEST_HOST = "$(BUILT_PRODUCTS_DIR)/IOS_emoji_analyser.app/$(BUNDLE_EXECUTABLE_FOLDER_PATH)/IOS_emoji_analyser";
			};
			name = Release;
		};
		46B7940B2EDD622400EC2137 /* Debug */ = {
			isa = XCBuildConfiguration;
			buildSettings = {
				ALWAYS_EMBED_SWIFT_STANDARD_LIBRARIES = YES;
				CODE_SIGN_STYLE = Automatic;
				CURRENT_PROJECT_VERSION = 1;
				GENERATE_INFOPLIST_FILE = YES;
				MARKETING_VERSION = 1.0;
				PRODUCT_BUNDLE_IDENTIFIER = "x.IOS-emoji-analyserUITests";
				PRODUCT_NAME = "$(TARGET_NAME)";
				SWIFT_EMIT_LOC_STRINGS = NO;
				SWIFT_VERSION = 5.0;
				TARGETED_DEVICE_FAMILY = "1,2";
				TEST_TARGET_NAME = IOS_emoji_analyser;
			};
			name = Debug;
		};
		46B7940C2EDD622400EC2137 /* Release */ = {
			isa = XCBuildConfiguration;
			buildSettings = {
				ALWAYS_EMBED_SWIFT_STANDARD_LIBRARIES = YES;
				CODE_SIGN_STYLE = Automatic;
				CURRENT_PROJECT_VERSION = 1;
				GENERATE_INFOPLIST_FILE = YES;
				MARKETING_VERSION = 1.0;
				PRODUCT_BUNDLE_IDENTIFIER = "x.IOS-emoji-analyserUITests";
				PRODUCT_NAME = "$(TARGET_NAME)";
				SWIFT_EMIT_LOC_STRINGS = NO;
				SWIFT_VERSION = 5.0;
				TARGETED_DEVICE_FAMILY = "1,2";
				TEST_TARGET_NAME = IOS_emoji_analyser;
			};
			name = Release;
		};
/* End XCBuildConfiguration section */

/* Begin XCConfigurationList section */
		46B793DB2EDD622200EC2137 /* Build configuration list for PBXProject "IOS_emoji_analyser" */ = {
			isa = XCConfigurationList;
			buildConfigurations = (
				46B794022EDD622400EC2137 /* Debug */,
				46B794032EDD622400EC2137 /* Release */,
			);
			defaultConfigurationIsVisible = 0;
			defaultConfigurationName = Release;
		};
		46B794042EDD622400EC2137 /* Build configuration list for PBXNativeTarget "IOS_emoji_analyser" */ = {
			isa = XCConfigurationList;
			buildConfigurations = (
				46B794052EDD622400EC2137 /* Debug */,
				46B794062EDD622400EC2137 /* Release */,
			);
			defaultConfigurationIsVisible = 0;
			defaultConfigurationName = Release;
		};
		46B794072EDD622400EC2137 /* Build configuration list for PBXNativeTarget "IOS_emoji_analyserTests" */ = {
			isa = XCConfigurationList;
			buildConfigurations = (
				46B794082EDD622400EC2137 /* Debug */,
				46B794092EDD622400EC2137 /* Release */,
			);
			defaultConfigurationIsVisible = 0;
			defaultConfigurationName = Release;
		};
		46B7940A2EDD622400EC2137 /* Build configuration list for PBXNativeTarget "IOS_emoji_analyserUITests" */ = {
			isa = XCConfigurationList;
			buildConfigurations = (
				46B7940B2EDD622400EC2137 /* Debug */,
				46B7940C2EDD622400EC2137 /* Release */,
			);
			defaultConfigurationIsVisible = 0;
			defaultConfigurationName = Release;
		};
/* End XCConfigurationList section */
	};
	rootObject = 46B793D82EDD622200EC2137 /* Project object */;
}
